
Microsoft Visual Studio Solution File, Format Version 12.00
# Visual Studio Version 16
VisualStudioVersion = 16.0.28714.193
MinimumVisualStudioVersion = 10.0.40219.1
Project("{9A19103F-16F7-4668-BE54-9A1E7A4F7556}") = "Bejebeje.Api", "Bejebeje.Api\Bejebeje.Api.csproj", "{119C3D0F-0652-4ED5-BD2F-1F1A4816C8BB}"
EndProject
Project("{FAE04EC0-301F-11D3-BF4B-00C04F79EFBC}") = "Bejebeje.Domain", "Bejebeje.Domain\Bejebeje.Domain.csproj", "{E4836350-291C-4801-9CFA-A011A2985310}"
EndProject
Global
	GlobalSection(SolutionConfigurationPlatforms) = preSolution
		Debug|Any CPU = Debug|Any CPU
		Release|Any CPU = Release|Any CPU
	EndGlobalSection
	GlobalSection(ProjectConfigurationPlatforms) = postSolution
		{119C3D0F-0652-4ED5-BD2F-1F1A4816C8BB}.Debug|Any CPU.ActiveCfg = Debug|Any CPU
		{119C3D0F-0652-4ED5-BD2F-1F1A4816C8BB}.Debug|Any CPU.Build.0 = Debug|Any CPU
		{119C3D0F-0652-4ED5-BD2F-1F1A4816C8BB}.Release|Any CPU.ActiveCfg = Release|Any CPU
		{119C3D0F-0652-4ED5-BD2F-1F1A4816C8BB}.Release|Any CPU.Build.0 = Release|Any CPU
		{E4836350-291C-4801-9CFA-A011A2985310}.Debug|Any CPU.ActiveCfg = Debug|Any CPU
		{E4836350-291C-4801-9CFA-A011A2985310}.Debug|Any CPU.Build.0 = Debug|Any CPU
		{E4836350-291C-4801-9CFA-A011A2985310}.Release|Any CPU.ActiveCfg = Release|Any CPU
		{E4836350-291C-4801-9CFA-A011A2985310}.Release|Any CPU.Build.0 = Release|Any CPU
	EndGlobalSection
	GlobalSection(SolutionProperties) = preSolution
		HideSolutionNode = FALSE
	EndGlobalSection
	GlobalSection(ExtensibilityGlobals) = postSolution
		SolutionGuid = {072F206A-915A-4089-AF1F-D8205382CD77}
	EndGlobalSection
EndGlobal
