
Microsoft Visual Studio Solution File, Format Version 12.00
# Visual Studio Version 16
VisualStudioVersion = 16.0.28714.193
MinimumVisualStudioVersion = 10.0.40219.1
Project("{9A19103F-16F7-4668-BE54-9A1E7A4F7556}") = "Bejebeje.Api", "Bejebeje.Api\Bejebeje.Api.csproj", "{119C3D0F-0652-4ED5-BD2F-1F1A4816C8BB}"
EndProject
Project("{9A19103F-16F7-4668-BE54-9A1E7A4F7556}") = "Bejebeje.Domain", "Bejebeje.Domain\Bejebeje.Domain.csproj", "{E4836350-291C-4801-9CFA-A011A2985310}"
EndProject
Project("{9A19103F-16F7-4668-BE54-9A1E7A4F7556}") = "Bejebeje.Services", "Bejebeje.Services\Bejebeje.Services.csproj", "{B591ED41-877E-4320-B204-718E8A9B844A}"
EndProject
Project("{9A19103F-16F7-4668-BE54-9A1E7A4F7556}") = "Bejebeje.Models", "Bejebeje.Models\Bejebeje.Models.csproj", "{B1750691-5278-4EBA-97AF-AB5FFAF26422}"
EndProject
Project("{9A19103F-16F7-4668-BE54-9A1E7A4F7556}") = "Bejebeje.Common", "Bejebeje.Common\Bejebeje.Common.csproj", "{BC421B76-0934-4B01-B755-7101102DE2E9}"
EndProject
Project("{9A19103F-16F7-4668-BE54-9A1E7A4F7556}") = "Bejebeje.DataAccess", "Bejebeje.DataAccess\Bejebeje.DataAccess.csproj", "{0E7FB9A2-E739-4975-AAF3-BA33CC86EF52}"
EndProject
Project("{2150E333-8FDC-42A3-9474-1A3956D46DE8}") = "Tests", "Tests", "{827542D6-C0E1-440C-8B6E-79D39B4C5AF9}"
EndProject
Project("{9A19103F-16F7-4668-BE54-9A1E7A4F7556}") = "Bejebeje.Api.Tests", "Bejebeje.Api.Tests\Bejebeje.Api.Tests.csproj", "{93E83E4A-CB2F-4071-8E45-34D117B281C1}"
EndProject
Project("{9A19103F-16F7-4668-BE54-9A1E7A4F7556}") = "Bejebeje.Services.Tests", "Bejebeje.Services.Tests\Bejebeje.Services.Tests.csproj", "{70E06816-AD45-46C2-BD21-86C957837E7B}"
EndProject
Global
	GlobalSection(SolutionConfigurationPlatforms) = preSolution
		Debug|Any CPU = Debug|Any CPU
		Release|Any CPU = Release|Any CPU
	EndGlobalSection
	GlobalSection(ProjectConfigurationPlatforms) = postSolution
		{119C3D0F-0652-4ED5-BD2F-1F1A4816C8BB}.Debug|Any CPU.ActiveCfg = Debug|Any CPU
		{119C3D0F-0652-4ED5-BD2F-1F1A4816C8BB}.Debug|Any CPU.Build.0 = Debug|Any CPU
		{119C3D0F-0652-4ED5-BD2F-1F1A4816C8BB}.Release|Any CPU.ActiveCfg = Release|Any CPU
		{119C3D0F-0652-4ED5-BD2F-1F1A4816C8BB}.Release|Any CPU.Build.0 = Release|Any CPU
		{E4836350-291C-4801-9CFA-A011A2985310}.Debug|Any CPU.ActiveCfg = Debug|Any CPU
		{E4836350-291C-4801-9CFA-A011A2985310}.Debug|Any CPU.Build.0 = Debug|Any CPU
		{E4836350-291C-4801-9CFA-A011A2985310}.Release|Any CPU.ActiveCfg = Release|Any CPU
		{E4836350-291C-4801-9CFA-A011A2985310}.Release|Any CPU.Build.0 = Release|Any CPU
		{B591ED41-877E-4320-B204-718E8A9B844A}.Debug|Any CPU.ActiveCfg = Debug|Any CPU
		{B591ED41-877E-4320-B204-718E8A9B844A}.Debug|Any CPU.Build.0 = Debug|Any CPU
		{B591ED41-877E-4320-B204-718E8A9B844A}.Release|Any CPU.ActiveCfg = Release|Any CPU
		{B591ED41-877E-4320-B204-718E8A9B844A}.Release|Any CPU.Build.0 = Release|Any CPU
		{B1750691-5278-4EBA-97AF-AB5FFAF26422}.Debug|Any CPU.ActiveCfg = Debug|Any CPU
		{B1750691-5278-4EBA-97AF-AB5FFAF26422}.Debug|Any CPU.Build.0 = Debug|Any CPU
		{B1750691-5278-4EBA-97AF-AB5FFAF26422}.Release|Any CPU.ActiveCfg = Release|Any CPU
		{B1750691-5278-4EBA-97AF-AB5FFAF26422}.Release|Any CPU.Build.0 = Release|Any CPU
		{BC421B76-0934-4B01-B755-7101102DE2E9}.Debug|Any CPU.ActiveCfg = Debug|Any CPU
		{BC421B76-0934-4B01-B755-7101102DE2E9}.Debug|Any CPU.Build.0 = Debug|Any CPU
		{BC421B76-0934-4B01-B755-7101102DE2E9}.Release|Any CPU.ActiveCfg = Release|Any CPU
		{BC421B76-0934-4B01-B755-7101102DE2E9}.Release|Any CPU.Build.0 = Release|Any CPU
		{0E7FB9A2-E739-4975-AAF3-BA33CC86EF52}.Debug|Any CPU.ActiveCfg = Debug|Any CPU
		{0E7FB9A2-E739-4975-AAF3-BA33CC86EF52}.Debug|Any CPU.Build.0 = Debug|Any CPU
		{0E7FB9A2-E739-4975-AAF3-BA33CC86EF52}.Release|Any CPU.ActiveCfg = Release|Any CPU
		{0E7FB9A2-E739-4975-AAF3-BA33CC86EF52}.Release|Any CPU.Build.0 = Release|Any CPU
		{93E83E4A-CB2F-4071-8E45-34D117B281C1}.Debug|Any CPU.ActiveCfg = Debug|Any CPU
		{93E83E4A-CB2F-4071-8E45-34D117B281C1}.Debug|Any CPU.Build.0 = Debug|Any CPU
		{93E83E4A-CB2F-4071-8E45-34D117B281C1}.Release|Any CPU.ActiveCfg = Release|Any CPU
		{93E83E4A-CB2F-4071-8E45-34D117B281C1}.Release|Any CPU.Build.0 = Release|Any CPU
		{70E06816-AD45-46C2-BD21-86C957837E7B}.Debug|Any CPU.ActiveCfg = Debug|Any CPU
		{70E06816-AD45-46C2-BD21-86C957837E7B}.Debug|Any CPU.Build.0 = Debug|Any CPU
		{70E06816-AD45-46C2-BD21-86C957837E7B}.Release|Any CPU.ActiveCfg = Release|Any CPU
		{70E06816-AD45-46C2-BD21-86C957837E7B}.Release|Any CPU.Build.0 = Release|Any CPU
	EndGlobalSection
	GlobalSection(SolutionProperties) = preSolution
		HideSolutionNode = FALSE
	EndGlobalSection
	GlobalSection(NestedProjects) = preSolution
		{93E83E4A-CB2F-4071-8E45-34D117B281C1} = {827542D6-C0E1-440C-8B6E-79D39B4C5AF9}
		{70E06816-AD45-46C2-BD21-86C957837E7B} = {827542D6-C0E1-440C-8B6E-79D39B4C5AF9}
	EndGlobalSection
	GlobalSection(ExtensibilityGlobals) = postSolution
		SolutionGuid = {072F206A-915A-4089-AF1F-D8205382CD77}
	EndGlobalSection
EndGlobal
